
Microsoft Visual Studio Solution File, Format Version 12.00
# Visual Studio Version 17
VisualStudioVersion = 17.11.35312.102
MinimumVisualStudioVersion = 10.0.40219.1
Project("{FAE04EC0-301F-11D3-BF4B-00C04F79EFBC}") = "methodtask", "methodtask.csproj", "{944F3A86-BF13-4811-9BCD-155B13F987DD}"
EndProject
Global
	GlobalSection(SolutionConfigurationPlatforms) = preSolution
		Debug|Any CPU = Debug|Any CPU
		Release|Any CPU = Release|Any CPU
	EndGlobalSection
	GlobalSection(ProjectConfigurationPlatforms) = postSolution
		{944F3A86-BF13-4811-9BCD-155B13F987DD}.Debug|Any CPU.ActiveCfg = Debug|Any CPU
		{944F3A86-BF13-4811-9BCD-155B13F987DD}.Debug|Any CPU.Build.0 = Debug|Any CPU
		{944F3A86-BF13-4811-9BCD-155B13F987DD}.Release|Any CPU.ActiveCfg = Release|Any CPU
		{944F3A86-BF13-4811-9BCD-155B13F987DD}.Release|Any CPU.Build.0 = Release|Any CPU
	EndGlobalSection
	GlobalSection(SolutionProperties) = preSolution
		HideSolutionNode = FALSE
	EndGlobalSection
	GlobalSection(ExtensibilityGlobals) = postSolution
		SolutionGuid = {46290430-823C-4302-9D5F-D49D44BDF516}
	EndGlobalSection
EndGlobal
